
Microsoft Visual Studio Solution File, Format Version 12.00
# Visual Studio Version 17
VisualStudioVersion = 17.11.35222.181
MinimumVisualStudioVersion = 10.0.40219.1
Project("{FAE04EC0-301F-11D3-BF4B-00C04F79EFBC}") = "Завдання 2. Варіант - 11", "Завдання 2. Варіант - 11.csproj", "{343207CD-BD94-442B-9351-7DE57D87AD58}"
EndProject
Global
	GlobalSection(SolutionConfigurationPlatforms) = preSolution
		Debug|Any CPU = Debug|Any CPU
		Release|Any CPU = Release|Any CPU
	EndGlobalSection
	GlobalSection(ProjectConfigurationPlatforms) = postSolution
		{343207CD-BD94-442B-9351-7DE57D87AD58}.Debug|Any CPU.ActiveCfg = Debug|Any CPU
		{343207CD-BD94-442B-9351-7DE57D87AD58}.Debug|Any CPU.Build.0 = Debug|Any CPU
		{343207CD-BD94-442B-9351-7DE57D87AD58}.Release|Any CPU.ActiveCfg = Release|Any CPU
		{343207CD-BD94-442B-9351-7DE57D87AD58}.Release|Any CPU.Build.0 = Release|Any CPU
	EndGlobalSection
	GlobalSection(SolutionProperties) = preSolution
		HideSolutionNode = FALSE
	EndGlobalSection
	GlobalSection(ExtensibilityGlobals) = postSolution
		SolutionGuid = {A82D76B1-F691-4D83-9D2E-FA600EC5385D}
	EndGlobalSection
EndGlobal
