
Microsoft Visual Studio Solution File, Format Version 12.00
# Visual Studio Version 17
VisualStudioVersion = 17.11.35222.181
MinimumVisualStudioVersion = 10.0.40219.1
Project("{FAE04EC0-301F-11D3-BF4B-00C04F79EFBC}") = "Завдання 1. Варіант - 6.", "..\Завдання 1. Варіант - 6\Завдання 1. Варіант - 6..csproj", "{9165342B-9D60-4753-8E35-396E5D96D356}"
EndProject
Global
	GlobalSection(SolutionConfigurationPlatforms) = preSolution
		Debug|Any CPU = Debug|Any CPU
		Release|Any CPU = Release|Any CPU
	EndGlobalSection
	GlobalSection(ProjectConfigurationPlatforms) = postSolution
		{9165342B-9D60-4753-8E35-396E5D96D356}.Debug|Any CPU.ActiveCfg = Debug|Any CPU
		{9165342B-9D60-4753-8E35-396E5D96D356}.Debug|Any CPU.Build.0 = Debug|Any CPU
		{9165342B-9D60-4753-8E35-396E5D96D356}.Release|Any CPU.ActiveCfg = Release|Any CPU
		{9165342B-9D60-4753-8E35-396E5D96D356}.Release|Any CPU.Build.0 = Release|Any CPU
	EndGlobalSection
	GlobalSection(SolutionProperties) = preSolution
		HideSolutionNode = FALSE
	EndGlobalSection
	GlobalSection(ExtensibilityGlobals) = postSolution
		SolutionGuid = {2583537B-C3DB-4513-8549-66FCAFEB38B4}
	EndGlobalSection
EndGlobal
